
Microsoft Visual Studio Solution File, Format Version 12.00
# Visual Studio Version 17
VisualStudioVersion = 17.10.35122.118
MinimumVisualStudioVersion = 10.0.40219.1
Project("{FAE04EC0-301F-11D3-BF4B-00C04F79EFBC}") = "Ejercicio 01", "Ejercicios\Ejercicio 01.csproj", "{FC2099B0-61E1-4F0B-AEE3-44D36502189D}"
EndProject
Project("{FAE04EC0-301F-11D3-BF4B-00C04F79EFBC}") = "Ejercicio 02", "Ejercicio 02\Ejercicio 02.csproj", "{863E4D1F-D88C-4032-852B-051B91539452}"
EndProject
Project("{FAE04EC0-301F-11D3-BF4B-00C04F79EFBC}") = "Ejercicio 03", "Ejercicio 03\Ejercicio 03.csproj", "{70F4ED9E-569D-4C4C-B327-21B8359AD011}"
EndProject
Global
	GlobalSection(SolutionConfigurationPlatforms) = preSolution
		Debug|Any CPU = Debug|Any CPU
		Release|Any CPU = Release|Any CPU
	EndGlobalSection
	GlobalSection(ProjectConfigurationPlatforms) = postSolution
		{FC2099B0-61E1-4F0B-AEE3-44D36502189D}.Debug|Any CPU.ActiveCfg = Debug|Any CPU
		{FC2099B0-61E1-4F0B-AEE3-44D36502189D}.Debug|Any CPU.Build.0 = Debug|Any CPU
		{FC2099B0-61E1-4F0B-AEE3-44D36502189D}.Release|Any CPU.ActiveCfg = Release|Any CPU
		{FC2099B0-61E1-4F0B-AEE3-44D36502189D}.Release|Any CPU.Build.0 = Release|Any CPU
		{863E4D1F-D88C-4032-852B-051B91539452}.Debug|Any CPU.ActiveCfg = Debug|Any CPU
		{863E4D1F-D88C-4032-852B-051B91539452}.Debug|Any CPU.Build.0 = Debug|Any CPU
		{863E4D1F-D88C-4032-852B-051B91539452}.Release|Any CPU.ActiveCfg = Release|Any CPU
		{863E4D1F-D88C-4032-852B-051B91539452}.Release|Any CPU.Build.0 = Release|Any CPU
		{70F4ED9E-569D-4C4C-B327-21B8359AD011}.Debug|Any CPU.ActiveCfg = Debug|Any CPU
		{70F4ED9E-569D-4C4C-B327-21B8359AD011}.Debug|Any CPU.Build.0 = Debug|Any CPU
		{70F4ED9E-569D-4C4C-B327-21B8359AD011}.Release|Any CPU.ActiveCfg = Release|Any CPU
		{70F4ED9E-569D-4C4C-B327-21B8359AD011}.Release|Any CPU.Build.0 = Release|Any CPU
	EndGlobalSection
	GlobalSection(SolutionProperties) = preSolution
		HideSolutionNode = FALSE
	EndGlobalSection
	GlobalSection(ExtensibilityGlobals) = postSolution
		SolutionGuid = {112438F8-6D74-4C26-9DF9-0DD5F4810B78}
	EndGlobalSection
EndGlobal
